{
  "version": 2,
  "packages": {
    "integers": {
      "version": "0.1.1",
      "vcsRevision": "d80108a5fa406d3bc67498a78a1cad51c0741326",
      "url": "https://github.com/fsh/integers",
      "downloadMethod": "git",
      "dependencies": [],
      "checksums": {
        "sha1": "0cd987d8c999f1a34bf3b62448a5880bd2558e0b"
      }
    }
  },
  "tasks": {}
}
